
Microsoft Visual Studio Solution File, Format Version 12.00
# Visual Studio Version 17
VisualStudioVersion = 17.5.002.0
MinimumVisualStudioVersion = 10.0.40219.1
Project("{9A19103F-16F7-4668-BE54-9A1E7A4F7556}") = "AuthApp", "AuthApp\AuthApp.csproj", "{D5DB0659-D374-4885-9E45-481D60DBE3C0}"
EndProject
Global
	GlobalSection(SolutionConfigurationPlatforms) = preSolution
		Debug|Any CPU = Debug|Any CPU
		Release|Any CPU = Release|Any CPU
	EndGlobalSection
	GlobalSection(ProjectConfigurationPlatforms) = postSolution
		{D5DB0659-D374-4885-9E45-481D60DBE3C0}.Debug|Any CPU.ActiveCfg = Debug|Any CPU
		{D5DB0659-D374-4885-9E45-481D60DBE3C0}.Debug|Any CPU.Build.0 = Debug|Any CPU
		{D5DB0659-D374-4885-9E45-481D60DBE3C0}.Release|Any CPU.ActiveCfg = Release|Any CPU
		{D5DB0659-D374-4885-9E45-481D60DBE3C0}.Release|Any CPU.Build.0 = Release|Any CPU
	EndGlobalSection
	GlobalSection(SolutionProperties) = preSolution
		HideSolutionNode = FALSE
	EndGlobalSection
	GlobalSection(ExtensibilityGlobals) = postSolution
		SolutionGuid = {C0F9A683-ECF0-4986-9DEF-9162084DE8C3}
	EndGlobalSection
EndGlobal
